
Microsoft Visual Studio Solution File, Format Version 12.00
Project("{FAE04EC0-301F-11D3-BF4B-00C04F79EFBC}") = "Showcase.Api", "Showcase.Api\Showcase.Api.csproj", "{29DD213D-C499-4DC1-A2B4-1C171B2F1CC8}"
EndProject
Project("{FAE04EC0-301F-11D3-BF4B-00C04F79EFBC}") = "Showcase.Contracts", "Showcase.Contracts\Showcase.Contracts.csproj", "{5D26BE2F-79B4-43AC-A433-D9848773CB5A}"
EndProject
Project("{2150E333-8FDC-42A3-9474-1A3956D46DE8}") = "API", "API", "{7C28E2C1-E1C3-49CB-9A2E-EA2AF5A6206C}"
EndProject
Project("{FAE04EC0-301F-11D3-BF4B-00C04F79EFBC}") = "Showcase.Application", "Showcase.Application\Showcase.Application.csproj", "{CFCCC970-20B4-47B3-9F01-C9E49817FE08}"
EndProject
Project("{FAE04EC0-301F-11D3-BF4B-00C04F79EFBC}") = "Showcase.Domain", "Showcase.Domain\Showcase.Domain.csproj", "{3E951D09-C797-47C0-9F26-1E3861ED4D13}"
EndProject
Project("{2150E333-8FDC-42A3-9474-1A3956D46DE8}") = "Libraries", "Libraries", "{7157FB6E-5E1B-4941-8E16-90F85CE1E010}"
EndProject
Project("{FAE04EC0-301F-11D3-BF4B-00C04F79EFBC}") = "Showcase.Infrastructure", "Showcase.Infrastructure\Showcase.Infrastructure.csproj", "{0518CEE0-D13E-47EE-A77E-07050F552BFB}"
EndProject
Global
	GlobalSection(SolutionConfigurationPlatforms) = preSolution
		Debug|Any CPU = Debug|Any CPU
		Release|Any CPU = Release|Any CPU
	EndGlobalSection
	GlobalSection(ProjectConfigurationPlatforms) = postSolution
		{29DD213D-C499-4DC1-A2B4-1C171B2F1CC8}.Debug|Any CPU.ActiveCfg = Debug|Any CPU
		{29DD213D-C499-4DC1-A2B4-1C171B2F1CC8}.Debug|Any CPU.Build.0 = Debug|Any CPU
		{29DD213D-C499-4DC1-A2B4-1C171B2F1CC8}.Release|Any CPU.ActiveCfg = Release|Any CPU
		{29DD213D-C499-4DC1-A2B4-1C171B2F1CC8}.Release|Any CPU.Build.0 = Release|Any CPU
		{5D26BE2F-79B4-43AC-A433-D9848773CB5A}.Debug|Any CPU.ActiveCfg = Debug|Any CPU
		{5D26BE2F-79B4-43AC-A433-D9848773CB5A}.Debug|Any CPU.Build.0 = Debug|Any CPU
		{5D26BE2F-79B4-43AC-A433-D9848773CB5A}.Release|Any CPU.ActiveCfg = Release|Any CPU
		{5D26BE2F-79B4-43AC-A433-D9848773CB5A}.Release|Any CPU.Build.0 = Release|Any CPU
		{CFCCC970-20B4-47B3-9F01-C9E49817FE08}.Debug|Any CPU.ActiveCfg = Debug|Any CPU
		{CFCCC970-20B4-47B3-9F01-C9E49817FE08}.Debug|Any CPU.Build.0 = Debug|Any CPU
		{CFCCC970-20B4-47B3-9F01-C9E49817FE08}.Release|Any CPU.ActiveCfg = Release|Any CPU
		{CFCCC970-20B4-47B3-9F01-C9E49817FE08}.Release|Any CPU.Build.0 = Release|Any CPU
		{3E951D09-C797-47C0-9F26-1E3861ED4D13}.Debug|Any CPU.ActiveCfg = Debug|Any CPU
		{3E951D09-C797-47C0-9F26-1E3861ED4D13}.Debug|Any CPU.Build.0 = Debug|Any CPU
		{3E951D09-C797-47C0-9F26-1E3861ED4D13}.Release|Any CPU.ActiveCfg = Release|Any CPU
		{3E951D09-C797-47C0-9F26-1E3861ED4D13}.Release|Any CPU.Build.0 = Release|Any CPU
		{0518CEE0-D13E-47EE-A77E-07050F552BFB}.Debug|Any CPU.ActiveCfg = Debug|Any CPU
		{0518CEE0-D13E-47EE-A77E-07050F552BFB}.Debug|Any CPU.Build.0 = Debug|Any CPU
		{0518CEE0-D13E-47EE-A77E-07050F552BFB}.Release|Any CPU.ActiveCfg = Release|Any CPU
		{0518CEE0-D13E-47EE-A77E-07050F552BFB}.Release|Any CPU.Build.0 = Release|Any CPU
	EndGlobalSection
	GlobalSection(NestedProjects) = preSolution
		{29DD213D-C499-4DC1-A2B4-1C171B2F1CC8} = {7C28E2C1-E1C3-49CB-9A2E-EA2AF5A6206C}
		{5D26BE2F-79B4-43AC-A433-D9848773CB5A} = {7C28E2C1-E1C3-49CB-9A2E-EA2AF5A6206C}
		{CFCCC970-20B4-47B3-9F01-C9E49817FE08} = {7157FB6E-5E1B-4941-8E16-90F85CE1E010}
		{3E951D09-C797-47C0-9F26-1E3861ED4D13} = {7157FB6E-5E1B-4941-8E16-90F85CE1E010}
		{0518CEE0-D13E-47EE-A77E-07050F552BFB} = {7157FB6E-5E1B-4941-8E16-90F85CE1E010}
	EndGlobalSection
EndGlobal
