
Microsoft Visual Studio Solution File, Format Version 12.00
Project("{FAE04EC0-301F-11D3-BF4B-00C04F79EFBC}") = "Showcase.Api", "Showcase.Api\Showcase.Api.csproj", "{29DD213D-C499-4DC1-A2B4-1C171B2F1CC8}"
EndProject
Global
	GlobalSection(SolutionConfigurationPlatforms) = preSolution
		Debug|Any CPU = Debug|Any CPU
		Release|Any CPU = Release|Any CPU
	EndGlobalSection
	GlobalSection(ProjectConfigurationPlatforms) = postSolution
		{29DD213D-C499-4DC1-A2B4-1C171B2F1CC8}.Debug|Any CPU.ActiveCfg = Debug|Any CPU
		{29DD213D-C499-4DC1-A2B4-1C171B2F1CC8}.Debug|Any CPU.Build.0 = Debug|Any CPU
		{29DD213D-C499-4DC1-A2B4-1C171B2F1CC8}.Release|Any CPU.ActiveCfg = Release|Any CPU
		{29DD213D-C499-4DC1-A2B4-1C171B2F1CC8}.Release|Any CPU.Build.0 = Release|Any CPU
	EndGlobalSection
EndGlobal
